{
  "name": "micropatch",
  "version": "1.0.0",
  "lockfileVersion": 1,
  "requires": true,
  "dependencies": {
    "diff-match-patch": {
      "version": "1.0.1",
      "resolved": "https://registry.npmjs.org/diff-match-patch/-/diff-match-patch-1.0.1.tgz",
      "integrity": "sha512-A0QEhr4PxGUMEtKxd6X+JLnOTFd3BfIPSDpsc4dMvj+CbSaErDwTpoTo/nFJDMSrjxLW4BiNq+FbNisAAHhWeQ=="
    }
  }
}
